PODS:
  - PinYin4Objc (1.1.5)
  - PSSearch (1.1.0):
    - PinYin4Objc

DEPENDENCIES:
  - PinYin4Objc (from `/Users/rsf/Documents/Project/Pod/PinYin4Objc/PinYin4Objc.podspec`)
  - PSSearch (from `../`)

EXTERNAL SOURCES:
  PinYin4Objc:
    :path: "/Users/rsf/Documents/Project/Pod/PinYin4Objc/PinYin4Objc.podspec"
  PSSearch:
    :path: "../"

SPEC CHECKSUMS:
  PinYin4Objc: 08eb3230061bf5d78326c1deeccf9a6e1d4d47bf
  PSSearch: a2d4c119ebf6fff6fedff8c5ea2dd4d1664e55e8

PODFILE CHECKSUM: cae40809e8a0632f9c6d2e8ea91ac1886acba517

COCOAPODS: 1.7.5
