PODS:
  - PinYin4Objc (1.1.1)
  - PSSearch (1.0.3):
    - PinYin4Objc

DEPENDENCIES:
  - PSSearch (from `/Users/rsf/Documents/Project/PSSearch/PSSearch.podspec`)

SPEC REPOS:
  https://github.com/cocoapods/specs.git:
    - PinYin4Objc

EXTERNAL SOURCES:
  PSSearch:
    :path: "/Users/rsf/Documents/Project/PSSearch/PSSearch.podspec"

SPEC CHECKSUMS:
  PinYin4Objc: 3fa9673610368330e2dfb688b1d19a35c3930a78
  PSSearch: f504924979e89644e0b022a57c71057ceba3bc83

PODFILE CHECKSUM: b55d8628057618bc03306b66b6e4696981805847

COCOAPODS: 1.5.3
